apiVersion: vendir.k14s.io/v1alpha1
directories:
- contents:
  - git:
      commitTitle: Merge branch 'add-fips-notes' into 'master'...
      sha: 4c4c6a8a38145c6888cb4cb876f888a5fe231d81
      tags:
      - 12.10.202004211640+297d8250845-3692-g4c4c6a8a3
    path: gitlab/pre
  - git:
      commitTitle: Merge branch 'add-fips-notes' into 'master'...
      sha: 4c4c6a8a38145c6888cb4cb876f888a5fe231d81
      tags:
      - 12.10.202004211640+297d8250845-3692-g4c4c6a8a3
    path: gitlab/gstg
  - git:
      commitTitle: Merge branch 'deps/09ce048-f780bc3' into 'master'...
      sha: 6d5de06e9b86d6f687eb9bebfeb69b750697f4a5
      tags:
      - 12.10.202004211640+297d8250845-3724-g6d5de06e9
    path: gitlab/gprd
  - git:
      commitTitle: Update CHANGELOG for v0.27.0
      sha: 20683318add4eb99a8a8508932860c20f0ae70f6
      tags:
      - v0.27.0
    path: gitlab-runner/pre
  path: vendor/charts
kind: LockConfig
