apiVersion: vendir.k14s.io/v1alpha1
directories:
- contents:
  - git:
      commitTitle: Merge branch '3443-fix-scripts-config' into 'master'...
      sha: 30b26521017178031bf2cfdacd3d4eab78e8af82
      tags:
      - 12.10.202004211640+297d8250845-3792-g30b265210
    path: gitlab/pre
  - git:
      commitTitle: Merge branch 'security-bump-gitlab-eporter-version' into 'master'...
      sha: bd28c5fa265008b1176a25270167d8ff145e0e0e
      tags:
      - 12.10.202004211640+297d8250845-3821-gbd28c5fa2
    path: gitlab/gstg
  - git:
      commitTitle: Merge branch '3443-fix-scripts-config' into 'master'...
      sha: 30b26521017178031bf2cfdacd3d4eab78e8af82
      tags:
      - 12.10.202004211640+297d8250845-3792-g30b265210
    path: gitlab/gprd
  - git:
      commitTitle: Update CHANGELOG for v0.27.0
      sha: 20683318add4eb99a8a8508932860c20f0ae70f6
      tags:
      - v0.27.0
    path: gitlab-runner/pre
  path: vendor/charts
kind: LockConfig
